PODS:
  - AKSideMenu (1.2)
  - CocoaLumberjack (2.4.0):
    - CocoaLumberjack/Default (= 2.4.0)
    - CocoaLumberjack/Extensions (= 2.4.0)
  - CocoaLumberjack/Core (2.4.0)
  - CocoaLumberjack/Default (2.4.0):
    - CocoaLumberjack/Core
  - CocoaLumberjack/Extensions (2.4.0):
    - CocoaLumberjack/Default
  - GoogleMaps (2.1.0):
    - GoogleMaps/Maps (= 2.1.0)
  - GoogleMaps/Base (2.1.0)
  - GoogleMaps/Maps (2.1.0):
    - GoogleMaps/Base (= 2.1.0)
  - GooglePlaces (2.1.0):
    - GoogleMaps/Base (= 2.1.0)
  - SVGKit (2.0.1):
    - CocoaLumberjack (~> 2.x)

DEPENDENCIES:
  - AKSideMenu
  - GoogleMaps
  - GooglePlaces
  - SVGKit (from `https://github.com/SVGKit/SVGKit.git`, branch `2.x`)

EXTERNAL SOURCES:
  SVGKit:
    :branch: 2.x
    :git: https://github.com/SVGKit/SVGKit.git

CHECKOUT OPTIONS:
  SVGKit:
    :commit: 29b55f9846b11d27fb22cf0ad164a4025de12c34
    :git: https://github.com/SVGKit/SVGKit.git

SPEC CHECKSUMS:
  AKSideMenu: 267e49ceff95c5ae72057b3206f98182f8cc4813
  CocoaLumberjack: aa9dcab71bdf9eaf2a63bbd9ddc87863efe45457
  GoogleMaps: 06589b9a38097bce0cd6e90f0fd9b5e4b4a9344c
  GooglePlaces: 16e96266483b8010e9f275399403647978523c86
  SVGKit: 2afbeaf2c2be4615476951284750c3ddb790d0c7

COCOAPODS: 0.39.0
